
Microsoft Visual Studio Solution File, Format Version 12.00
# Visual Studio 15
VisualStudioVersion = 15.0.28307.329
MinimumVisualStudioVersion = 10.0.40219.1
Project("{9A19103F-16F7-4668-BE54-9A1E7A4F7556}") = "FakeHashTest", "FakeHashTest\FakeHashTest.csproj", "{BB7302A4-5C29-42DF-87DB-E79CFB178283}"
EndProject
Project("{9A19103F-16F7-4668-BE54-9A1E7A4F7556}") = "FakeHash", "FakeHash\FakeHash.csproj", "{A4AB9FB2-091C-4AAF-92E6-ACFF96E18572}"
EndProject
Global
	GlobalSection(SolutionConfigurationPlatforms) = preSolution
		Debug|Any CPU = Debug|Any CPU
		Release|Any CPU = Release|Any CPU
	EndGlobalSection
	GlobalSection(ProjectConfigurationPlatforms) = postSolution
		{BB7302A4-5C29-42DF-87DB-E79CFB178283}.Debug|Any CPU.ActiveCfg = Debug|Any CPU
		{BB7302A4-5C29-42DF-87DB-E79CFB178283}.Debug|Any CPU.Build.0 = Debug|Any CPU
		{BB7302A4-5C29-42DF-87DB-E79CFB178283}.Release|Any CPU.ActiveCfg = Release|Any CPU
		{BB7302A4-5C29-42DF-87DB-E79CFB178283}.Release|Any CPU.Build.0 = Release|Any CPU
		{A4AB9FB2-091C-4AAF-92E6-ACFF96E18572}.Debug|Any CPU.ActiveCfg = Debug|Any CPU
		{A4AB9FB2-091C-4AAF-92E6-ACFF96E18572}.Debug|Any CPU.Build.0 = Debug|Any CPU
		{A4AB9FB2-091C-4AAF-92E6-ACFF96E18572}.Release|Any CPU.ActiveCfg = Release|Any CPU
		{A4AB9FB2-091C-4AAF-92E6-ACFF96E18572}.Release|Any CPU.Build.0 = Release|Any CPU
	EndGlobalSection
	GlobalSection(SolutionProperties) = preSolution
		HideSolutionNode = FALSE
	EndGlobalSection
	GlobalSection(ExtensibilityGlobals) = postSolution
		SolutionGuid = {BA932927-3C11-496A-93EB-264F095D83DB}
	EndGlobalSection
EndGlobal
